// !$*UTF8*$!
{
	archiveVersion = 1;
	classes = {
	};
	objectVersion = 46;
	objects = {

/* Begin PBXBuildFile section */
		1D3623260D0F684500981E51 /* iPOSAppDelegate.m in Sources */ = {isa = PBXBuildFile; fileRef = 1D3623250D0F684500981E51 /* iPOSAppDelegate.m */; };
		1D60589B0D05DD56006BFB54 /* main.m in Sources */ = {isa = PBXBuildFile; fileRef = 29B97316FDCFA39411CA2CEA /* main.m */; };
		1D60589F0D05DD5A006BFB54 /* Foundation.framework in Frameworks */ = {isa = PBXBuildFile; fileRef = 1D30AB110D05D00D00671497 /* Foundation.framework */; };
		1DF5F4E00D08C38300B7A737 /* UIKit.framework in Frameworks */ = {isa = PBXBuildFile; fileRef = 1DF5F4DF0D08C38300B7A737 /* UIKit.framework */; };
		288765A50DF7441C002DB57D /* CoreGraphics.framework in Frameworks */ = {isa = PBXBuildFile; fileRef = 288765A40DF7441C002DB57D /* CoreGraphics.framework */; };
		B47AA7EF12F7DD1000AAD34C /* PlaceHolderView.m in Sources */ = {isa = PBXBuildFile; fileRef = B47AA7EE12F7DD1000AAD34C /* PlaceHolderView.m */; };
		B47AA7F612F7DD7200AAD34C /* LoginViewController.m in Sources */ = {isa = PBXBuildFile; fileRef = B47AA7F512F7DD7200AAD34C /* LoginViewController.m */; };
		B4B367C612F936AC00F37FE9 /* DrawUtils.m in Sources */ = {isa = PBXBuildFile; fileRef = B4B367C512F936AC00F37FE9 /* DrawUtils.m */; };
		D61C3C3212FCA530003C3A47 /* Customer.m in Sources */ = {isa = PBXBuildFile; fileRef = D61C3C3112FCA530003C3A47 /* Customer.m */; };
		D61C3C3512FCA535003C3A47 /* Order.m in Sources */ = {isa = PBXBuildFile; fileRef = D61C3C3412FCA535003C3A47 /* Order.m */; };
		D61C3C3A12FCA55D003C3A47 /* ManagerApprovalInfo.m in Sources */ = {isa = PBXBuildFile; fileRef = D61C3C3912FCA55D003C3A47 /* ManagerApprovalInfo.m */; };
		D61C3C6412FCA97F003C3A47 /* ProductItem.m in Sources */ = {isa = PBXBuildFile; fileRef = D61C3C6312FCA97F003C3A47 /* ProductItem.m */; };
		D61C3C6712FCA99E003C3A47 /* PaymentInfo.m in Sources */ = {isa = PBXBuildFile; fileRef = D61C3C6612FCA99E003C3A47 /* PaymentInfo.m */; };
		D61C3C6A12FCA9C0003C3A47 /* OrderItem.m in Sources */ = {isa = PBXBuildFile; fileRef = D61C3C6912FCA9C0003C3A47 /* OrderItem.m */; };
		D62853C612FB9B650024228B /* LayoutUtils.m in Sources */ = {isa = PBXBuildFile; fileRef = D62853C512FB9B650024228B /* LayoutUtils.m */; };
		D64B7E3612F9D8FD006AB141 /* SampleUnitTestCase.m in Sources */ = {isa = PBXBuildFile; fileRef = D64B7E3512F9D8FD006AB141 /* SampleUnitTestCase.m */; };
		D64B7EC112F9DFF5006AB141 /* iPOSServiceIntTestCase.m in Sources */ = {isa = PBXBuildFile; fileRef = D64B7EC012F9DFF5006AB141 /* iPOSServiceIntTestCase.m */; };
		D64E5AE8130262B0002EAD70 /* libLineaSDK.a in Frameworks */ = {isa = PBXBuildFile; fileRef = D64E5AE7130262B0002EAD70 /* libLineaSDK.a */; };
		D64E5B8813026566002EAD70 /* ExternalAccessory.framework in Frameworks */ = {isa = PBXBuildFile; fileRef = D64E5B8713026566002EAD70 /* ExternalAccessory.framework */; };
		D65FD4BB1302303A00F4C19D /* BarcodeScannerCardReaderDelegate.m in Sources */ = {isa = PBXBuildFile; fileRef = D65FD4BA1302303A00F4C19D /* BarcodeScannerCardReaderDelegate.m */; };
		D692BBA412FDFF4C007EC03A /* Address.m in Sources */ = {isa = PBXBuildFile; fileRef = D692BBA312FDFF4C007EC03A /* Address.m */; };
		D6BA07CD1302580500B77769 /* CTidy.m in Sources */ = {isa = PBXBuildFile; fileRef = D6BA07B31302580500B77769 /* CTidy.m */; };
		D6BA07CE1302580500B77769 /* CXHTMLDocument.m in Sources */ = {isa = PBXBuildFile; fileRef = D6BA07B51302580500B77769 /* CXHTMLDocument.m */; };
		D6BA07CF1302580500B77769 /* CXMLDocument_CreationExtensions.m in Sources */ = {isa = PBXBuildFile; fileRef = D6BA07B71302580500B77769 /* CXMLDocument_CreationExtensions.m */; };
		D6BA07D01302580500B77769 /* CXMLDocument_PrivateExtensions.m in Sources */ = {isa = PBXBuildFile; fileRef = D6BA07B91302580500B77769 /* CXMLDocument_PrivateExtensions.m */; };
		D6BA07D11302580500B77769 /* CXMLDocument.m in Sources */ = {isa = PBXBuildFile; fileRef = D6BA07BB1302580500B77769 /* CXMLDocument.m */; };
		D6BA07D21302580500B77769 /* CXMLElement_CreationExtensions.m in Sources */ = {isa = PBXBuildFile; fileRef = D6BA07BD1302580500B77769 /* CXMLElement_CreationExtensions.m */; };
		D6BA07D31302580500B77769 /* CXMLElement_ElementTreeExtensions.m in Sources */ = {isa = PBXBuildFile; fileRef = D6BA07BF1302580500B77769 /* CXMLElement_ElementTreeExtensions.m */; };
		D6BA07D41302580500B77769 /* CXMLElement.m in Sources */ = {isa = PBXBuildFile; fileRef = D6BA07C11302580500B77769 /* CXMLElement.m */; };
		D6BA07D51302580500B77769 /* CXMLNamespaceNode.m in Sources */ = {isa = PBXBuildFile; fileRef = D6BA07C31302580500B77769 /* CXMLNamespaceNode.m */; };
		D6BA07D61302580500B77769 /* CXMLNode_CreationExtensions.m in Sources */ = {isa = PBXBuildFile; fileRef = D6BA07C51302580500B77769 /* CXMLNode_CreationExtensions.m */; };
		D6BA07D71302580500B77769 /* CXMLNode_PrivateExtensions.m in Sources */ = {isa = PBXBuildFile; fileRef = D6BA07C71302580500B77769 /* CXMLNode_PrivateExtensions.m */; };
		D6BA07D81302580500B77769 /* CXMLNode_XPathExtensions.m in Sources */ = {isa = PBXBuildFile; fileRef = D6BA07C91302580500B77769 /* CXMLNode_XPathExtensions.m */; };
		D6BA07D91302580500B77769 /* CXMLNode.m in Sources */ = {isa = PBXBuildFile; fileRef = D6BA07CB1302580500B77769 /* CXMLNode.m */; };
		D6BA07F11302583500B77769 /* ASIAuthenticationDialog.m in Sources */ = {isa = PBXBuildFile; fileRef = D6BA07DC1302583500B77769 /* ASIAuthenticationDialog.m */; };
		D6BA07F21302583500B77769 /* ASIDataCompressor.m in Sources */ = {isa = PBXBuildFile; fileRef = D6BA07DF1302583500B77769 /* ASIDataCompressor.m */; };
		D6BA07F31302583500B77769 /* ASIDataDecompressor.m in Sources */ = {isa = PBXBuildFile; fileRef = D6BA07E11302583500B77769 /* ASIDataDecompressor.m */; };
		D6BA07F41302583500B77769 /* ASIDownloadCache.m in Sources */ = {isa = PBXBuildFile; fileRef = D6BA07E31302583500B77769 /* ASIDownloadCache.m */; };
		D6BA07F51302583500B77769 /* ASIFormDataRequest.m in Sources */ = {isa = PBXBuildFile; fileRef = D6BA07E51302583500B77769 /* ASIFormDataRequest.m */; };
		D6BA07F61302583500B77769 /* ASIHTTPRequest.m in Sources */ = {isa = PBXBuildFile; fileRef = D6BA07E71302583500B77769 /* ASIHTTPRequest.m */; };
		D6BA07F71302583500B77769 /* ASIInputStream.m in Sources */ = {isa = PBXBuildFile; fileRef = D6BA07EB1302583500B77769 /* ASIInputStream.m */; };
		D6BA07F81302583500B77769 /* ASINetworkQueue.m in Sources */ = {isa = PBXBuildFile; fileRef = D6BA07ED1302583500B77769 /* ASINetworkQueue.m */; };
		D6BA07F91302583500B77769 /* Reachability.m in Sources */ = {isa = PBXBuildFile; fileRef = D6BA07F01302583500B77769 /* Reachability.m */; };
		D6BA07FD1302586800B77769 /* CFNetwork.framework in Frameworks */ = {isa = PBXBuildFile; fileRef = D6BA07FC1302586800B77769 /* CFNetwork.framework */; };
		D6BA07FF1302586800B77769 /* MobileCoreServices.framework in Frameworks */ = {isa = PBXBuildFile; fileRef = D6BA07FE1302586800B77769 /* MobileCoreServices.framework */; };
		D6BA08011302586800B77769 /* SystemConfiguration.framework in Frameworks */ = {isa = PBXBuildFile; fileRef = D6BA08001302586800B77769 /* SystemConfiguration.framework */; };
		D6BA08031302586800B77769 /* libz.1.2.3.dylib in Frameworks */ = {isa = PBXBuildFile; fileRef = D6BA08021302586800B77769 /* libz.1.2.3.dylib */; };
		D6BCD40112FCB3D80029F4B2 /* InventoryServiceImpl.m in Sources */ = {isa = PBXBuildFile; fileRef = D6BCD3F712FCB3D80029F4B2 /* InventoryServiceImpl.m */; };
		D6BCD40212FCB3D80029F4B2 /* InventoryServiceMock.m in Sources */ = {isa = PBXBuildFile; fileRef = D6BCD3F912FCB3D80029F4B2 /* InventoryServiceMock.m */; };
		D6BCD40312FCB3D80029F4B2 /* iPOSFacade.m in Sources */ = {isa = PBXBuildFile; fileRef = D6BCD3FB12FCB3D80029F4B2 /* iPOSFacade.m */; };
		D6BCD40412FCB3D80029F4B2 /* iPOSServiceImpl.m in Sources */ = {isa = PBXBuildFile; fileRef = D6BCD3FE12FCB3D80029F4B2 /* iPOSServiceImpl.m */; };
		D6BCD40512FCB3D80029F4B2 /* iPOSServiceMock.m in Sources */ = {isa = PBXBuildFile; fileRef = D6BCD40012FCB3D80029F4B2 /* iPOSServiceMock.m */; };
		D6BCD40812FCB3F70029F4B2 /* SessionInfo.m in Sources */ = {isa = PBXBuildFile; fileRef = D6BCD40712FCB3F70029F4B2 /* SessionInfo.m */; };
/* End PBXBuildFile section */

/* Begin PBXContainerItemProxy section */
		D64B7E2812F9D89E006AB141 /* PBXContainerItemProxy */ = {
			isa = PBXContainerItemProxy;
			containerPortal = 29B97313FDCFA39411CA2CEA /* Project object */;
			proxyType = 1;
			remoteGlobalIDString = 1D6058900D05DD3D006BFB54;
			remoteInfo = iPOS;
		};
		D64B7EB612F9DFAF006AB141 /* PBXContainerItemProxy */ = {
			isa = PBXContainerItemProxy;
			containerPortal = 29B97313FDCFA39411CA2CEA /* Project object */;
			proxyType = 1;
			remoteGlobalIDString = 1D6058900D05DD3D006BFB54;
			remoteInfo = iPOS;
		};
/* End PBXContainerItemProxy section */

/* Begin PBXFileReference section */
		1D30AB110D05D00D00671497 /* Foundation.framework */ = {isa = PBXFileReference; lastKnownFileType = wrapper.framework; name = Foundation.framework; path = System/Library/Frameworks/Foundation.framework; sourceTree = SDKROOT; };
		1D3623240D0F684500981E51 /* iPOSAppDelegate.h */ = {isa = PBXFileReference; fileEncoding = 4; lastKnownFileType = sourcecode.c.h; path = iPOSAppDelegate.h; sourceTree = "<group>"; };
		1D3623250D0F684500981E51 /* iPOSAppDelegate.m */ = {isa = PBXFileReference; fileEncoding = 4; lastKnownFileType = sourcecode.c.objc; path = iPOSAppDelegate.m; sourceTree = "<group>"; };
		1D6058910D05DD3D006BFB54 /* iPOS.app */ = {isa = PBXFileReference; explicitFileType = wrapper.application; includeInIndex = 0; path = iPOS.app; sourceTree = BUILT_PRODUCTS_DIR; };
		1DF5F4DF0D08C38300B7A737 /* UIKit.framework */ = {isa = PBXFileReference; lastKnownFileType = wrapper.framework; name = UIKit.framework; path = System/Library/Frameworks/UIKit.framework; sourceTree = SDKROOT; };
		288765A40DF7441C002DB57D /* CoreGraphics.framework */ = {isa = PBXFileReference; lastKnownFileType = wrapper.framework; name = CoreGraphics.framework; path = System/Library/Frameworks/CoreGraphics.framework; sourceTree = SDKROOT; };
		29B97316FDCFA39411CA2CEA /* main.m */ = {isa = PBXFileReference; fileEncoding = 4; lastKnownFileType = sourcecode.c.objc; path = main.m; sourceTree = "<group>"; };
		32CA4F630368D1EE00C91783 /* iPOS_Prefix.pch */ = {isa = PBXFileReference; fileEncoding = 4; lastKnownFileType = sourcecode.c.h; path = iPOS_Prefix.pch; sourceTree = "<group>"; };
		8D1107310486CEB800E47090 /* iPOS-Info.plist */ = {isa = PBXFileReference; fileEncoding = 4; lastKnownFileType = text.plist.xml; path = "iPOS-Info.plist"; sourceTree = "<group>"; };
		B47AA7ED12F7DD1000AAD34C /* PlaceHolderView.h */ = {isa = PBXFileReference; fileEncoding = 4; lastKnownFileType = sourcecode.c.h; path = PlaceHolderView.h; sourceTree = "<group>"; };
		B47AA7EE12F7DD1000AAD34C /* PlaceHolderView.m */ = {isa = PBXFileReference; fileEncoding = 4; lastKnownFileType = sourcecode.c.objc; path = PlaceHolderView.m; sourceTree = "<group>"; };
		B47AA7F412F7DD7200AAD34C /* LoginViewController.h */ = {isa = PBXFileReference; fileEncoding = 4; lastKnownFileType = sourcecode.c.h; path = LoginViewController.h; sourceTree = "<group>"; };
		B47AA7F512F7DD7200AAD34C /* LoginViewController.m */ = {isa = PBXFileReference; fileEncoding = 4; lastKnownFileType = sourcecode.c.objc; path = LoginViewController.m; sourceTree = "<group>"; };
		B4B367C412F936AC00F37FE9 /* DrawUtils.h */ = {isa = PBXFileReference; fileEncoding = 4; lastKnownFileType = sourcecode.c.h; path = DrawUtils.h; sourceTree = "<group>"; };
		B4B367C512F936AC00F37FE9 /* DrawUtils.m */ = {isa = PBXFileReference; fileEncoding = 4; lastKnownFileType = sourcecode.c.objc; path = DrawUtils.m; sourceTree = "<group>"; };
		B4F3EB5B12FE29AB000D96EE /* iPOS Simulator-Info.plist */ = {isa = PBXFileReference; lastKnownFileType = text.plist.xml; path = "iPOS Simulator-Info.plist"; sourceTree = "<group>"; };
		B4F3EBA412FE2A08000D96EE /* iPOS.app */ = {isa = PBXFileReference; explicitFileType = wrapper.application; includeInIndex = 0; path = iPOS.app; sourceTree = BUILT_PRODUCTS_DIR; };
		B4F3EBA612FE2A08000D96EE /* Info copy 3.plist */ = {isa = PBXFileReference; lastKnownFileType = text.plist.xml; path = "Info copy 3.plist"; sourceTree = "<group>"; };
		D61C3C3012FCA530003C3A47 /* Customer.h */ = {isa = PBXFileReference; fileEncoding = 4; lastKnownFileType = sourcecode.c.h; path = Customer.h; sourceTree = "<group>"; };
		D61C3C3112FCA530003C3A47 /* Customer.m */ = {isa = PBXFileReference; fileEncoding = 4; lastKnownFileType = sourcecode.c.objc; path = Customer.m; sourceTree = "<group>"; };
		D61C3C3312FCA535003C3A47 /* Order.h */ = {isa = PBXFileReference; fileEncoding = 4; lastKnownFileType = sourcecode.c.h; path = Order.h; sourceTree = "<group>"; };
		D61C3C3412FCA535003C3A47 /* Order.m */ = {isa = PBXFileReference; fileEncoding = 4; lastKnownFileType = sourcecode.c.objc; path = Order.m; sourceTree = "<group>"; };
		D61C3C3812FCA55D003C3A47 /* ManagerApprovalInfo.h */ = {isa = PBXFileReference; fileEncoding = 4; lastKnownFileType = sourcecode.c.h; path = ManagerApprovalInfo.h; sourceTree = "<group>"; };
		D61C3C3912FCA55D003C3A47 /* ManagerApprovalInfo.m */ = {isa = PBXFileReference; fileEncoding = 4; lastKnownFileType = sourcecode.c.objc; path = ManagerApprovalInfo.m; sourceTree = "<group>"; };
		D61C3C6212FCA97F003C3A47 /* ProductItem.h */ = {isa = PBXFileReference; fileEncoding = 4; lastKnownFileType = sourcecode.c.h; path = ProductItem.h; sourceTree = "<group>"; };
		D61C3C6312FCA97F003C3A47 /* ProductItem.m */ = {isa = PBXFileReference; fileEncoding = 4; lastKnownFileType = sourcecode.c.objc; path = ProductItem.m; sourceTree = "<group>"; };
		D61C3C6512FCA99E003C3A47 /* PaymentInfo.h */ = {isa = PBXFileReference; fileEncoding = 4; lastKnownFileType = sourcecode.c.h; path = PaymentInfo.h; sourceTree = "<group>"; };
		D61C3C6612FCA99E003C3A47 /* PaymentInfo.m */ = {isa = PBXFileReference; fileEncoding = 4; lastKnownFileType = sourcecode.c.objc; path = PaymentInfo.m; sourceTree = "<group>"; };
		D61C3C6812FCA9C0003C3A47 /* OrderItem.h */ = {isa = PBXFileReference; fileEncoding = 4; lastKnownFileType = sourcecode.c.h; path = OrderItem.h; sourceTree = "<group>"; };
		D61C3C6912FCA9C0003C3A47 /* OrderItem.m */ = {isa = PBXFileReference; fileEncoding = 4; lastKnownFileType = sourcecode.c.objc; path = OrderItem.m; sourceTree = "<group>"; };
		D62853C412FB9B650024228B /* LayoutUtils.h */ = {isa = PBXFileReference; fileEncoding = 4; lastKnownFileType = sourcecode.c.h; path = LayoutUtils.h; sourceTree = "<group>"; };
		D62853C512FB9B650024228B /* LayoutUtils.m */ = {isa = PBXFileReference; fileEncoding = 4; lastKnownFileType = sourcecode.c.objc; path = LayoutUtils.m; sourceTree = "<group>"; };
		D64B7E1312F9D7EA006AB141 /* UnitTests.octest */ = {isa = PBXFileReference; explicitFileType = wrapper.cfbundle; includeInIndex = 0; path = UnitTests.octest; sourceTree = BUILT_PRODUCTS_DIR; };
		D64B7E1412F9D7EA006AB141 /* UnitTests-Info.plist */ = {isa = PBXFileReference; lastKnownFileType = text.plist.xml; path = "UnitTests-Info.plist"; sourceTree = "<group>"; };
		D64B7E3412F9D8FD006AB141 /* SampleUnitTestCase.h */ = {isa = PBXFileReference; fileEncoding = 4; lastKnownFileType = sourcecode.c.h; path = SampleUnitTestCase.h; sourceTree = "<group>"; };
		D64B7E3512F9D8FD006AB141 /* SampleUnitTestCase.m */ = {isa = PBXFileReference; fileEncoding = 4; lastKnownFileType = sourcecode.c.objc; path = SampleUnitTestCase.m; sourceTree = "<group>"; };
		D64B7EB012F9DFA7006AB141 /* IntegrationTests.octest */ = {isa = PBXFileReference; explicitFileType = wrapper.cfbundle; includeInIndex = 0; path = IntegrationTests.octest; sourceTree = BUILT_PRODUCTS_DIR; };
		D64B7EB112F9DFA7006AB141 /* IntegrationTests-Info.plist */ = {isa = PBXFileReference; lastKnownFileType = text.plist.xml; path = "IntegrationTests-Info.plist"; sourceTree = "<group>"; };
		D64B7EBF12F9DFF5006AB141 /* iPOSServiceIntTestCase.h */ = {isa = PBXFileReference; fileEncoding = 4; lastKnownFileType = sourcecode.c.h; path = iPOSServiceIntTestCase.h; sourceTree = "<group>"; };
		D64B7EC012F9DFF5006AB141 /* iPOSServiceIntTestCase.m */ = {isa = PBXFileReference; fileEncoding = 4; lastKnownFileType = sourcecode.c.objc; path = iPOSServiceIntTestCase.m; sourceTree = "<group>"; };
		D64E5AE7130262B0002EAD70 /* libLineaSDK.a */ = {isa = PBXFileReference; lastKnownFileType = archive.ar; path = libLineaSDK.a; sourceTree = "<group>"; };
		D64E5B8713026566002EAD70 /* ExternalAccessory.framework */ = {isa = PBXFileReference; lastKnownFileType = wrapper.framework; name = ExternalAccessory.framework; path = System/Library/Frameworks/ExternalAccessory.framework; sourceTree = SDKROOT; };
		D65FD4B91302303A00F4C19D /* BarcodeScannerCardReaderDelegate.h */ = {isa = PBXFileReference; fileEncoding = 4; lastKnownFileType = sourcecode.c.h; path = BarcodeScannerCardReaderDelegate.h; sourceTree = "<group>"; };
		D65FD4BA1302303A00F4C19D /* BarcodeScannerCardReaderDelegate.m */ = {isa = PBXFileReference; fileEncoding = 4; lastKnownFileType = sourcecode.c.objc; path = BarcodeScannerCardReaderDelegate.m; sourceTree = "<group>"; };
		D692BBA212FDFF4C007EC03A /* Address.h */ = {isa = PBXFileReference; fileEncoding = 4; lastKnownFileType = sourcecode.c.h; path = Address.h; sourceTree = "<group>"; };
		D692BBA312FDFF4C007EC03A /* Address.m */ = {isa = PBXFileReference; fileEncoding = 4; lastKnownFileType = sourcecode.c.objc; path = Address.m; sourceTree = "<group>"; };
		D6B0401213024FF6004D00CA /* LineaSDK.h */ = {isa = PBXFileReference; fileEncoding = 4; lastKnownFileType = sourcecode.c.h; path = LineaSDK.h; sourceTree = "<group>"; };
		D6BA07B21302580500B77769 /* CTidy.h */ = {isa = PBXFileReference; fileEncoding = 4; lastKnownFileType = sourcecode.c.h; path = CTidy.h; sourceTree = "<group>"; };
		D6BA07B31302580500B77769 /* CTidy.m */ = {isa = PBXFileReference; fileEncoding = 4; lastKnownFileType = sourcecode.c.objc; path = CTidy.m; sourceTree = "<group>"; };
		D6BA07B41302580500B77769 /* CXHTMLDocument.h */ = {isa = PBXFileReference; fileEncoding = 4; lastKnownFileType = sourcecode.c.h; path = CXHTMLDocument.h; sourceTree = "<group>"; };
		D6BA07B51302580500B77769 /* CXHTMLDocument.m */ = {isa = PBXFileReference; fileEncoding = 4; lastKnownFileType = sourcecode.c.objc; path = CXHTMLDocument.m; sourceTree = "<group>"; };
		D6BA07B61302580500B77769 /* CXMLDocument_CreationExtensions.h */ = {isa = PBXFileReference; fileEncoding = 4; lastKnownFileType = sourcecode.c.h; path = CXMLDocument_CreationExtensions.h; sourceTree = "<group>"; };
		D6BA07B71302580500B77769 /* CXMLDocument_CreationExtensions.m */ = {isa = PBXFileReference; fileEncoding = 4; lastKnownFileType = sourcecode.c.objc; path = CXMLDocument_CreationExtensions.m; sourceTree = "<group>"; };
		D6BA07B81302580500B77769 /* CXMLDocument_PrivateExtensions.h */ = {isa = PBXFileReference; fileEncoding = 4; lastKnownFileType = sourcecode.c.h; path = CXMLDocument_PrivateExtensions.h; sourceTree = "<group>"; };
		D6BA07B91302580500B77769 /* CXMLDocument_PrivateExtensions.m */ = {isa = PBXFileReference; fileEncoding = 4; lastKnownFileType = sourcecode.c.objc; path = CXMLDocument_PrivateExtensions.m; sourceTree = "<group>"; };
		D6BA07BA1302580500B77769 /* CXMLDocument.h */ = {isa = PBXFileReference; fileEncoding = 4; lastKnownFileType = sourcecode.c.h; path = CXMLDocument.h; sourceTree = "<group>"; };
		D6BA07BB1302580500B77769 /* CXMLDocument.m */ = {isa = PBXFileReference; fileEncoding = 4; lastKnownFileType = sourcecode.c.objc; path = CXMLDocument.m; sourceTree = "<group>"; };
		D6BA07BC1302580500B77769 /* CXMLElement_CreationExtensions.h */ = {isa = PBXFileReference; fileEncoding = 4; lastKnownFileType = sourcecode.c.h; path = CXMLElement_CreationExtensions.h; sourceTree = "<group>"; };
		D6BA07BD1302580500B77769 /* CXMLElement_CreationExtensions.m */ = {isa = PBXFileReference; fileEncoding = 4; lastKnownFileType = sourcecode.c.objc; path = CXMLElement_CreationExtensions.m; sourceTree = "<group>"; };
		D6BA07BE1302580500B77769 /* CXMLElement_ElementTreeExtensions.h */ = {isa = PBXFileReference; fileEncoding = 4; lastKnownFileType = sourcecode.c.h; path = CXMLElement_ElementTreeExtensions.h; sourceTree = "<group>"; };
		D6BA07BF1302580500B77769 /* CXMLElement_ElementTreeExtensions.m */ = {isa = PBXFileReference; fileEncoding = 4; lastKnownFileType = sourcecode.c.objc; path = CXMLElement_ElementTreeExtensions.m; sourceTree = "<group>"; };
		D6BA07C01302580500B77769 /* CXMLElement.h */ = {isa = PBXFileReference; fileEncoding = 4; lastKnownFileType = sourcecode.c.h; path = CXMLElement.h; sourceTree = "<group>"; };
		D6BA07C11302580500B77769 /* CXMLElement.m */ = {isa = PBXFileReference; fileEncoding = 4; lastKnownFileType = sourcecode.c.objc; path = CXMLElement.m; sourceTree = "<group>"; };
		D6BA07C21302580500B77769 /* CXMLNamespaceNode.h */ = {isa = PBXFileReference; fileEncoding = 4; lastKnownFileType = sourcecode.c.h; path = CXMLNamespaceNode.h; sourceTree = "<group>"; };
		D6BA07C31302580500B77769 /* CXMLNamespaceNode.m */ = {isa = PBXFileReference; fileEncoding = 4; lastKnownFileType = sourcecode.c.objc; path = CXMLNamespaceNode.m; sourceTree = "<group>"; };
		D6BA07C41302580500B77769 /* CXMLNode_CreationExtensions.h */ = {isa = PBXFileReference; fileEncoding = 4; lastKnownFileType = sourcecode.c.h; path = CXMLNode_CreationExtensions.h; sourceTree = "<group>"; };
		D6BA07C51302580500B77769 /* CXMLNode_CreationExtensions.m */ = {isa = PBXFileReference; fileEncoding = 4; lastKnownFileType = sourcecode.c.objc; path = CXMLNode_CreationExtensions.m; sourceTree = "<group>"; };
		D6BA07C61302580500B77769 /* CXMLNode_PrivateExtensions.h */ = {isa = PBXFileReference; fileEncoding = 4; lastKnownFileType = sourcecode.c.h; path = CXMLNode_PrivateExtensions.h; sourceTree = "<group>"; };
		D6BA07C71302580500B77769 /* CXMLNode_PrivateExtensions.m */ = {isa = PBXFileReference; fileEncoding = 4; lastKnownFileType = sourcecode.c.objc; path = CXMLNode_PrivateExtensions.m; sourceTree = "<group>"; };
		D6BA07C81302580500B77769 /* CXMLNode_XPathExtensions.h */ = {isa = PBXFileReference; fileEncoding = 4; lastKnownFileType = sourcecode.c.h; path = CXMLNode_XPathExtensions.h; sourceTree = "<group>"; };
		D6BA07C91302580500B77769 /* CXMLNode_XPathExtensions.m */ = {isa = PBXFileReference; fileEncoding = 4; lastKnownFileType = sourcecode.c.objc; path = CXMLNode_XPathExtensions.m; sourceTree = "<group>"; };
		D6BA07CA1302580500B77769 /* CXMLNode.h */ = {isa = PBXFileReference; fileEncoding = 4; lastKnownFileType = sourcecode.c.h; path = CXMLNode.h; sourceTree = "<group>"; };
		D6BA07CB1302580500B77769 /* CXMLNode.m */ = {isa = PBXFileReference; fileEncoding = 4; lastKnownFileType = sourcecode.c.objc; path = CXMLNode.m; sourceTree = "<group>"; };
		D6BA07CC1302580500B77769 /* TouchXML.h */ = {isa = PBXFileReference; fileEncoding = 4; lastKnownFileType = sourcecode.c.h; path = TouchXML.h; sourceTree = "<group>"; };
		D6BA07DB1302583500B77769 /* ASIAuthenticationDialog.h */ = {isa = PBXFileReference; fileEncoding = 4; lastKnownFileType = sourcecode.c.h; path = ASIAuthenticationDialog.h; sourceTree = "<group>"; };
		D6BA07DC1302583500B77769 /* ASIAuthenticationDialog.m */ = {isa = PBXFileReference; fileEncoding = 4; lastKnownFileType = sourcecode.c.objc; path = ASIAuthenticationDialog.m; sourceTree = "<group>"; };
		D6BA07DD1302583500B77769 /* ASICacheDelegate.h */ = {isa = PBXFileReference; fileEncoding = 4; lastKnownFileType = sourcecode.c.h; path = ASICacheDelegate.h; sourceTree = "<group>"; };
		D6BA07DE1302583500B77769 /* ASIDataCompressor.h */ = {isa = PBXFileReference; fileEncoding = 4; lastKnownFileType = sourcecode.c.h; path = ASIDataCompressor.h; sourceTree = "<group>"; };
		D6BA07DF1302583500B77769 /* ASIDataCompressor.m */ = {isa = PBXFileReference; fileEncoding = 4; lastKnownFileType = sourcecode.c.objc; path = ASIDataCompressor.m; sourceTree = "<group>"; };
		D6BA07E01302583500B77769 /* ASIDataDecompressor.h */ = {isa = PBXFileReference; fileEncoding = 4; lastKnownFileType = sourcecode.c.h; path = ASIDataDecompressor.h; sourceTree = "<group>"; };
		D6BA07E11302583500B77769 /* ASIDataDecompressor.m */ = {isa = PBXFileReference; fileEncoding = 4; lastKnownFileType = sourcecode.c.objc; path = ASIDataDecompressor.m; sourceTree = "<group>"; };
		D6BA07E21302583500B77769 /* ASIDownloadCache.h */ = {isa = PBXFileReference; fileEncoding = 4; lastKnownFileType = sourcecode.c.h; path = ASIDownloadCache.h; sourceTree = "<group>"; };
		D6BA07E31302583500B77769 /* ASIDownloadCache.m */ = {isa = PBXFileReference; fileEncoding = 4; lastKnownFileType = sourcecode.c.objc; path = ASIDownloadCache.m; sourceTree = "<group>"; };
		D6BA07E41302583500B77769 /* ASIFormDataRequest.h */ = {isa = PBXFileReference; fileEncoding = 4; lastKnownFileType = sourcecode.c.h; path = ASIFormDataRequest.h; sourceTree = "<group>"; };
		D6BA07E51302583500B77769 /* ASIFormDataRequest.m */ = {isa = PBXFileReference; fileEncoding = 4; lastKnownFileType = sourcecode.c.objc; path = ASIFormDataRequest.m; sourceTree = "<group>"; };
		D6BA07E61302583500B77769 /* ASIHTTPRequest.h */ = {isa = PBXFileReference; fileEncoding = 4; lastKnownFileType = sourcecode.c.h; path = ASIHTTPRequest.h; sourceTree = "<group>"; };
		D6BA07E71302583500B77769 /* ASIHTTPRequest.m */ = {isa = PBXFileReference; fileEncoding = 4; lastKnownFileType = sourcecode.c.objc; path = ASIHTTPRequest.m; sourceTree = "<group>"; };
		D6BA07E81302583500B77769 /* ASIHTTPRequestConfig.h */ = {isa = PBXFileReference; fileEncoding = 4; lastKnownFileType = sourcecode.c.h; path = ASIHTTPRequestConfig.h; sourceTree = "<group>"; };
		D6BA07E91302583500B77769 /* ASIHTTPRequestDelegate.h */ = {isa = PBXFileReference; fileEncoding = 4; lastKnownFileType = sourcecode.c.h; path = ASIHTTPRequestDelegate.h; sourceTree = "<group>"; };
		D6BA07EA1302583500B77769 /* ASIInputStream.h */ = {isa = PBXFileReference; fileEncoding = 4; lastKnownFileType = sourcecode.c.h; path = ASIInputStream.h; sourceTree = "<group>"; };
		D6BA07EB1302583500B77769 /* ASIInputStream.m */ = {isa = PBXFileReference; fileEncoding = 4; lastKnownFileType = sourcecode.c.objc; path = ASIInputStream.m; sourceTree = "<group>"; };
		D6BA07EC1302583500B77769 /* ASINetworkQueue.h */ = {isa = PBXFileReference; fileEncoding = 4; lastKnownFileType = sourcecode.c.h; path = ASINetworkQueue.h; sourceTree = "<group>"; };
		D6BA07ED1302583500B77769 /* ASINetworkQueue.m */ = {isa = PBXFileReference; fileEncoding = 4; lastKnownFileType = sourcecode.c.objc; path = ASINetworkQueue.m; sourceTree = "<group>"; };
		D6BA07EE1302583500B77769 /* ASIProgressDelegate.h */ = {isa = PBXFileReference; fileEncoding = 4; lastKnownFileType = sourcecode.c.h; path = ASIProgressDelegate.h; sourceTree = "<group>"; };
		D6BA07EF1302583500B77769 /* Reachability.h */ = {isa = PBXFileReference; fileEncoding = 4; lastKnownFileType = sourcecode.c.h; path = Reachability.h; sourceTree = "<group>"; };
		D6BA07F01302583500B77769 /* Reachability.m */ = {isa = PBXFileReference; fileEncoding = 4; lastKnownFileType = sourcecode.c.objc; path = Reachability.m; sourceTree = "<group>"; };
		D6BA07FC1302586800B77769 /* CFNetwork.framework */ = {isa = PBXFileReference; lastKnownFileType = wrapper.framework; name = CFNetwork.framework; path = System/Library/Frameworks/CFNetwork.framework; sourceTree = SDKROOT; };
		D6BA07FE1302586800B77769 /* MobileCoreServices.framework */ = {isa = PBXFileReference; lastKnownFileType = wrapper.framework; name = MobileCoreServices.framework; path = System/Library/Frameworks/MobileCoreServices.framework; sourceTree = SDKROOT; };
		D6BA08001302586800B77769 /* SystemConfiguration.framework */ = {isa = PBXFileReference; lastKnownFileType = wrapper.framework; name = SystemConfiguration.framework; path = System/Library/Frameworks/SystemConfiguration.framework; sourceTree = SDKROOT; };
		D6BA08021302586800B77769 /* libz.1.2.3.dylib */ = {isa = PBXFileReference; lastKnownFileType = "compiled.mach-o.dylib"; name = libz.1.2.3.dylib; path = usr/lib/libz.1.2.3.dylib; sourceTree = SDKROOT; };
		D6BCD3F512FCB3D80029F4B2 /* InventoryService.h */ = {isa = PBXFileReference; fileEncoding = 4; lastKnownFileType = sourcecode.c.h; name = InventoryService.h; path = Classes/InventoryService.h; sourceTree = "<group>"; };
		D6BCD3F612FCB3D80029F4B2 /* InventoryServiceImpl.h */ = {isa = PBXFileReference; fileEncoding = 4; lastKnownFileType = sourcecode.c.h; name = InventoryServiceImpl.h; path = Classes/InventoryServiceImpl.h; sourceTree = "<group>"; };
		D6BCD3F712FCB3D80029F4B2 /* InventoryServiceImpl.m */ = {isa = PBXFileReference; fileEncoding = 4; lastKnownFileType = sourcecode.c.objc; name = InventoryServiceImpl.m; path = Classes/InventoryServiceImpl.m; sourceTree = "<group>"; };
		D6BCD3F812FCB3D80029F4B2 /* InventoryServiceMock.h */ = {isa = PBXFileReference; fileEncoding = 4; lastKnownFileType = sourcecode.c.h; name = InventoryServiceMock.h; path = Classes/InventoryServiceMock.h; sourceTree = "<group>"; };
		D6BCD3F912FCB3D80029F4B2 /* InventoryServiceMock.m */ = {isa = PBXFileReference; fileEncoding = 4; lastKnownFileType = sourcecode.c.objc; name = InventoryServiceMock.m; path = Classes/InventoryServiceMock.m; sourceTree = "<group>"; };
		D6BCD3FA12FCB3D80029F4B2 /* iPOSFacade.h */ = {isa = PBXFileReference; fileEncoding = 4; lastKnownFileType = sourcecode.c.h; name = iPOSFacade.h; path = Classes/iPOSFacade.h; sourceTree = "<group>"; };
		D6BCD3FB12FCB3D80029F4B2 /* iPOSFacade.m */ = {isa = PBXFileReference; fileEncoding = 4; lastKnownFileType = sourcecode.c.objc; name = iPOSFacade.m; path = Classes/iPOSFacade.m; sourceTree = "<group>"; };
		D6BCD3FC12FCB3D80029F4B2 /* iPOSService.h */ = {isa = PBXFileReference; fileEncoding = 4; lastKnownFileType = sourcecode.c.h; name = iPOSService.h; path = Classes/iPOSService.h; sourceTree = "<group>"; };
		D6BCD3FD12FCB3D80029F4B2 /* iPOSServiceImpl.h */ = {isa = PBXFileReference; fileEncoding = 4; lastKnownFileType = sourcecode.c.h; name = iPOSServiceImpl.h; path = Classes/iPOSServiceImpl.h; sourceTree = "<group>"; };
		D6BCD3FE12FCB3D80029F4B2 /* iPOSServiceImpl.m */ = {isa = PBXFileReference; fileEncoding = 4; lastKnownFileType = sourcecode.c.objc; name = iPOSServiceImpl.m; path = Classes/iPOSServiceImpl.m; sourceTree = "<group>"; };
		D6BCD3FF12FCB3D80029F4B2 /* iPOSServiceMock.h */ = {isa = PBXFileReference; fileEncoding = 4; lastKnownFileType = sourcecode.c.h; name = iPOSServiceMock.h; path = Classes/iPOSServiceMock.h; sourceTree = "<group>"; };
		D6BCD40012FCB3D80029F4B2 /* iPOSServiceMock.m */ = {isa = PBXFileReference; fileEncoding = 4; lastKnownFileType = sourcecode.c.objc; name = iPOSServiceMock.m; path = Classes/iPOSServiceMock.m; sourceTree = "<group>"; };
		D6BCD40612FCB3F70029F4B2 /* SessionInfo.h */ = {isa = PBXFileReference; fileEncoding = 4; lastKnownFileType = sourcecode.c.h; name = SessionInfo.h; path = Classes/SessionInfo.h; sourceTree = "<group>"; };
		D6BCD40712FCB3F70029F4B2 /* SessionInfo.m */ = {isa = PBXFileReference; fileEncoding = 4; lastKnownFileType = sourcecode.c.objc; name = SessionInfo.m; path = Classes/SessionInfo.m; sourceTree = "<group>"; };
		D6F7965912F9FE2600B467CA /* iPOS-Device-Info.plist */ = {isa = PBXFileReference; lastKnownFileType = text.plist.xml; path = "iPOS-Device-Info.plist"; sourceTree = "<group>"; };
		D6F7967412F9FE4300B467CA /* Info copy.plist */ = {isa = PBXFileReference; lastKnownFileType = text.plist.xml; path = "Info copy.plist"; sourceTree = "<group>"; };
		D6F796A112F9FF4A00B467CA /* Info copy 2.plist */ = {isa = PBXFileReference; lastKnownFileType = text.plist.xml; path = "Info copy 2.plist"; sourceTree = "<group>"; };
/* End PBXFileReference section */

/* Begin PBXFrameworksBuildPhase section */
		1D60588F0D05DD3D006BFB54 /* Frameworks */ = {
			isa = PBXFrameworksBuildPhase;
			buildActionMask = 2147483647;
			files = (
				1D60589F0D05DD5A006BFB54 /* Foundation.framework in Frameworks */,
				1DF5F4E00D08C38300B7A737 /* UIKit.framework in Frameworks */,
				288765A50DF7441C002DB57D /* CoreGraphics.framework in Frameworks */,
				D6BA07FD1302586800B77769 /* CFNetwork.framework in Frameworks */,
				D6BA07FF1302586800B77769 /* MobileCoreServices.framework in Frameworks */,
				D6BA08011302586800B77769 /* SystemConfiguration.framework in Frameworks */,
				D6BA08031302586800B77769 /* libz.1.2.3.dylib in Frameworks */,
				D64E5AE8130262B0002EAD70 /* libLineaSDK.a in Frameworks */,
				D64E5B8813026566002EAD70 /* ExternalAccessory.framework in Frameworks */,
			);
			runOnlyForDeploymentPostprocessing = 0;
		};
		B4F3EB9712FE2A08000D96EE /* Frameworks */ = {
			isa = PBXFrameworksBuildPhase;
			buildActionMask = 2147483647;
			files = (
			);
			runOnlyForDeploymentPostprocessing = 0;
		};
		D64B7E1012F9D7EA006AB141 /* Frameworks */ = {
			isa = PBXFrameworksBuildPhase;
			buildActionMask = 2147483647;
			files = (
			);
			runOnlyForDeploymentPostprocessing = 0;
		};
		D64B7EAD12F9DFA7006AB141 /* Frameworks */ = {
			isa = PBXFrameworksBuildPhase;
			buildActionMask = 2147483647;
			files = (
			);
			runOnlyForDeploymentPostprocessing = 0;
		};
/* End PBXFrameworksBuildPhase section */

/* Begin PBXGroup section */
		080E96DDFE201D6D7F000001 /* Classes */ = {
			isa = PBXGroup;
			children = (
				D69BEFD412F9C66A0035D358 /* POSInterface */,
				D69BEFD712F9C6890035D358 /* Model */,
				D69BF02312F9CCC80035D358 /* Helper */,
				D60EE18B12FB6F0C00885396 /* Utility */,
				1D3623240D0F684500981E51 /* iPOSAppDelegate.h */,
				1D3623250D0F684500981E51 /* iPOSAppDelegate.m */,
				D65FD4B91302303A00F4C19D /* BarcodeScannerCardReaderDelegate.h */,
				D65FD4BA1302303A00F4C19D /* BarcodeScannerCardReaderDelegate.m */,
			);
			path = Classes;
			sourceTree = "<group>";
		};
		19C28FACFE9D520D11CA2CBB /* Products */ = {
			isa = PBXGroup;
			children = (
				1D6058910D05DD3D006BFB54 /* iPOS.app */,
				D64B7E1312F9D7EA006AB141 /* UnitTests.octest */,
				D64B7EB012F9DFA7006AB141 /* IntegrationTests.octest */,
				B4F3EBA412FE2A08000D96EE /* iPOS.app */,
			);
			name = Products;
			sourceTree = "<group>";
		};
		29B97314FDCFA39411CA2CEA /* CustomTemplate */ = {
			isa = PBXGroup;
			children = (
				D64B7E3312F9D8B4006AB141 /* TestSuites */,
				D6F7963212F9FD6B00B467CA /* LineaSDK */,
				B4B367C312F9368D00F37FE9 /* Util */,
				B47AA7EB12F7DCE500AAD34C /* Login */,
				B47AA7EA12F7DCD900AAD34C /* PlaceHolder */,
				080E96DDFE201D6D7F000001 /* Classes */,
				29B97315FDCFA39411CA2CEA /* Other Sources */,
				29B97317FDCFA39411CA2CEA /* Resources */,
				29B97323FDCFA39411CA2CEA /* Frameworks */,
				19C28FACFE9D520D11CA2CBB /* Products */,
				D64B7E1412F9D7EA006AB141 /* UnitTests-Info.plist */,
				D64B7EB112F9DFA7006AB141 /* IntegrationTests-Info.plist */,
				D6F7965912F9FE2600B467CA /* iPOS-Device-Info.plist */,
				B4F3EB5B12FE29AB000D96EE /* iPOS Simulator-Info.plist */,
			);
			name = CustomTemplate;
			sourceTree = "<group>";
		};
		29B97315FDCFA39411CA2CEA /* Other Sources */ = {
			isa = PBXGroup;
			children = (
				32CA4F630368D1EE00C91783 /* iPOS_Prefix.pch */,
				29B97316FDCFA39411CA2CEA /* main.m */,
			);
			name = "Other Sources";
			sourceTree = "<group>";
		};
		29B97317FDCFA39411CA2CEA /* Resources */ = {
			isa = PBXGroup;
			children = (
				8D1107310486CEB800E47090 /* iPOS-Info.plist */,
				D6F7967412F9FE4300B467CA /* Info copy.plist */,
				D6F796A112F9FF4A00B467CA /* Info copy 2.plist */,
				B4F3EBA612FE2A08000D96EE /* Info copy 3.plist */,
			);
			name = Resources;
			sourceTree = "<group>";
		};
		29B97323FDCFA39411CA2CEA /* Frameworks */ = {
			isa = PBXGroup;
			children = (
				D64E5B8713026566002EAD70 /* ExternalAccessory.framework */,
				1DF5F4DF0D08C38300B7A737 /* UIKit.framework */,
				1D30AB110D05D00D00671497 /* Foundation.framework */,
				288765A40DF7441C002DB57D /* CoreGraphics.framework */,
				D6BA07FC1302586800B77769 /* CFNetwork.framework */,
				D6BA07FE1302586800B77769 /* MobileCoreServices.framework */,
				D6BA08001302586800B77769 /* SystemConfiguration.framework */,
				D6BA08021302586800B77769 /* libz.1.2.3.dylib */,
			);
			name = Frameworks;
			sourceTree = "<group>";
		};
		B47AA7EA12F7DCD900AAD34C /* PlaceHolder */ = {
			isa = PBXGroup;
			children = (
				B47AA7ED12F7DD1000AAD34C /* PlaceHolderView.h */,
				B47AA7EE12F7DD1000AAD34C /* PlaceHolderView.m */,
			);
			name = PlaceHolder;
			sourceTree = "<group>";
		};
		B47AA7EB12F7DCE500AAD34C /* Login */ = {
			isa = PBXGroup;
			children = (
				B47AA7F412F7DD7200AAD34C /* LoginViewController.h */,
				B47AA7F512F7DD7200AAD34C /* LoginViewController.m */,
			);
			name = Login;
			sourceTree = "<group>";
		};
		B4B367C312F9368D00F37FE9 /* Util */ = {
			isa = PBXGroup;
			children = (
				D62853C412FB9B650024228B /* LayoutUtils.h */,
				D62853C512FB9B650024228B /* LayoutUtils.m */,
				B4B367C412F936AC00F37FE9 /* DrawUtils.h */,
				B4B367C512F936AC00F37FE9 /* DrawUtils.m */,
			);
			name = Util;
			sourceTree = "<group>";
		};
		D60EE18B12FB6F0C00885396 /* Utility */ = {
			isa = PBXGroup;
			children = (
				D6BA07DA1302580A00B77769 /* ASIHTTPRequest */,
				D6BA07B1130257C200B77769 /* TouchXML */,
			);
			name = Utility;
			sourceTree = "<group>";
		};
		D64B7E2612F9D869006AB141 /* Unit */ = {
			isa = PBXGroup;
			children = (
				D64B7E3412F9D8FD006AB141 /* SampleUnitTestCase.h */,
				D64B7E3512F9D8FD006AB141 /* SampleUnitTestCase.m */,
			);
			name = Unit;
			sourceTree = "<group>";
		};
		D64B7E2712F9D87C006AB141 /* Integration */ = {
			isa = PBXGroup;
			children = (
				D64B7EBF12F9DFF5006AB141 /* iPOSServiceIntTestCase.h */,
				D64B7EC012F9DFF5006AB141 /* iPOSServiceIntTestCase.m */,
			);
			name = Integration;
			sourceTree = "<group>";
		};
		D64B7E3312F9D8B4006AB141 /* TestSuites */ = {
			isa = PBXGroup;
			children = (
				D64B7E2712F9D87C006AB141 /* Integration */,
				D64B7E2612F9D869006AB141 /* Unit */,
			);
			name = TestSuites;
			sourceTree = "<group>";
		};
		D69BEFD412F9C66A0035D358 /* POSInterface */ = {
			isa = PBXGroup;
			children = (
				D6BCD40612FCB3F70029F4B2 /* SessionInfo.h */,
				D6BCD40712FCB3F70029F4B2 /* SessionInfo.m */,
				D6BCD3F512FCB3D80029F4B2 /* InventoryService.h */,
				D6BCD3F612FCB3D80029F4B2 /* InventoryServiceImpl.h */,
				D6BCD3F712FCB3D80029F4B2 /* InventoryServiceImpl.m */,
				D6BCD3F812FCB3D80029F4B2 /* InventoryServiceMock.h */,
				D6BCD3F912FCB3D80029F4B2 /* InventoryServiceMock.m */,
				D6BCD3FA12FCB3D80029F4B2 /* iPOSFacade.h */,
				D6BCD3FB12FCB3D80029F4B2 /* iPOSFacade.m */,
				D6BCD3FC12FCB3D80029F4B2 /* iPOSService.h */,
				D6BCD3FD12FCB3D80029F4B2 /* iPOSServiceImpl.h */,
				D6BCD3FE12FCB3D80029F4B2 /* iPOSServiceImpl.m */,
				D6BCD3FF12FCB3D80029F4B2 /* iPOSServiceMock.h */,
				D6BCD40012FCB3D80029F4B2 /* iPOSServiceMock.m */,
			);
			name = POSInterface;
			path = ..;
			sourceTree = "<group>";
		};
		D69BEFD712F9C6890035D358 /* Model */ = {
			isa = PBXGroup;
			children = (
				D692BBA212FDFF4C007EC03A /* Address.h */,
				D692BBA312FDFF4C007EC03A /* Address.m */,
				D61C3C3312FCA535003C3A47 /* Order.h */,
				D61C3C3412FCA535003C3A47 /* Order.m */,
				D61C3C3012FCA530003C3A47 /* Customer.h */,
				D61C3C3112FCA530003C3A47 /* Customer.m */,
				D61C3C3812FCA55D003C3A47 /* ManagerApprovalInfo.h */,
				D61C3C3912FCA55D003C3A47 /* ManagerApprovalInfo.m */,
				D61C3C6212FCA97F003C3A47 /* ProductItem.h */,
				D61C3C6312FCA97F003C3A47 /* ProductItem.m */,
				D61C3C6512FCA99E003C3A47 /* PaymentInfo.h */,
				D61C3C6612FCA99E003C3A47 /* PaymentInfo.m */,
				D61C3C6812FCA9C0003C3A47 /* OrderItem.h */,
				D61C3C6912FCA9C0003C3A47 /* OrderItem.m */,
			);
			name = Model;
			sourceTree = "<group>";
		};
		D69BF02312F9CCC80035D358 /* Helper */ = {
			isa = PBXGroup;
			children = (
			);
			name = Helper;
			sourceTree = "<group>";
		};
		D6BA07B1130257C200B77769 /* TouchXML */ = {
			isa = PBXGroup;
			children = (
				D6BA07B21302580500B77769 /* CTidy.h */,
				D6BA07B31302580500B77769 /* CTidy.m */,
				D6BA07B41302580500B77769 /* CXHTMLDocument.h */,
				D6BA07B51302580500B77769 /* CXHTMLDocument.m */,
				D6BA07B61302580500B77769 /* CXMLDocument_CreationExtensions.h */,
				D6BA07B71302580500B77769 /* CXMLDocument_CreationExtensions.m */,
				D6BA07B81302580500B77769 /* CXMLDocument_PrivateExtensions.h */,
				D6BA07B91302580500B77769 /* CXMLDocument_PrivateExtensions.m */,
				D6BA07BA1302580500B77769 /* CXMLDocument.h */,
				D6BA07BB1302580500B77769 /* CXMLDocument.m */,
				D6BA07BC1302580500B77769 /* CXMLElement_CreationExtensions.h */,
				D6BA07BD1302580500B77769 /* CXMLElement_CreationExtensions.m */,
				D6BA07BE1302580500B77769 /* CXMLElement_ElementTreeExtensions.h */,
				D6BA07BF1302580500B77769 /* CXMLElement_ElementTreeExtensions.m */,
				D6BA07C01302580500B77769 /* CXMLElement.h */,
				D6BA07C11302580500B77769 /* CXMLElement.m */,
				D6BA07C21302580500B77769 /* CXMLNamespaceNode.h */,
				D6BA07C31302580500B77769 /* CXMLNamespaceNode.m */,
				D6BA07C41302580500B77769 /* CXMLNode_CreationExtensions.h */,
				D6BA07C51302580500B77769 /* CXMLNode_CreationExtensions.m */,
				D6BA07C61302580500B77769 /* CXMLNode_PrivateExtensions.h */,
				D6BA07C71302580500B77769 /* CXMLNode_PrivateExtensions.m */,
				D6BA07C81302580500B77769 /* CXMLNode_XPathExtensions.h */,
				D6BA07C91302580500B77769 /* CXMLNode_XPathExtensions.m */,
				D6BA07CA1302580500B77769 /* CXMLNode.h */,
				D6BA07CB1302580500B77769 /* CXMLNode.m */,
				D6BA07CC1302580500B77769 /* TouchXML.h */,
			);
			name = TouchXML;
			sourceTree = "<group>";
		};
		D6BA07DA1302580A00B77769 /* ASIHTTPRequest */ = {
			isa = PBXGroup;
			children = (
				D6BA07DB1302583500B77769 /* ASIAuthenticationDialog.h */,
				D6BA07DC1302583500B77769 /* ASIAuthenticationDialog.m */,
				D6BA07DD1302583500B77769 /* ASICacheDelegate.h */,
				D6BA07DE1302583500B77769 /* ASIDataCompressor.h */,
				D6BA07DF1302583500B77769 /* ASIDataCompressor.m */,
				D6BA07E01302583500B77769 /* ASIDataDecompressor.h */,
				D6BA07E11302583500B77769 /* ASIDataDecompressor.m */,
				D6BA07E21302583500B77769 /* ASIDownloadCache.h */,
				D6BA07E31302583500B77769 /* ASIDownloadCache.m */,
				D6BA07E41302583500B77769 /* ASIFormDataRequest.h */,
				D6BA07E51302583500B77769 /* ASIFormDataRequest.m */,
				D6BA07E61302583500B77769 /* ASIHTTPRequest.h */,
				D6BA07E71302583500B77769 /* ASIHTTPRequest.m */,
				D6BA07E81302583500B77769 /* ASIHTTPRequestConfig.h */,
				D6BA07E91302583500B77769 /* ASIHTTPRequestDelegate.h */,
				D6BA07EA1302583500B77769 /* ASIInputStream.h */,
				D6BA07EB1302583500B77769 /* ASIInputStream.m */,
				D6BA07EC1302583500B77769 /* ASINetworkQueue.h */,
				D6BA07ED1302583500B77769 /* ASINetworkQueue.m */,
				D6BA07EE1302583500B77769 /* ASIProgressDelegate.h */,
				D6BA07EF1302583500B77769 /* Reachability.h */,
				D6BA07F01302583500B77769 /* Reachability.m */,
			);
			name = ASIHTTPRequest;
			sourceTree = "<group>";
		};
		D6F7963212F9FD6B00B467CA /* LineaSDK */ = {
			isa = PBXGroup;
			children = (
				D6B0401213024FF6004D00CA /* LineaSDK.h */,
				D64E5AE7130262B0002EAD70 /* libLineaSDK.a */,
			);
			name = LineaSDK;
			sourceTree = "<group>";
		};
/* End PBXGroup section */

/* Begin PBXNativeTarget section */
		1D6058900D05DD3D006BFB54 /* iPOS */ = {
			isa = PBXNativeTarget;
			buildConfigurationList = 1D6058960D05DD3E006BFB54 /* Build configuration list for PBXNativeTarget "iPOS" */;
			buildPhases = (
				1D60588D0D05DD3D006BFB54 /* Resources */,
				1D60588E0D05DD3D006BFB54 /* Sources */,
				1D60588F0D05DD3D006BFB54 /* Frameworks */,
			);
			buildRules = (
			);
			dependencies = (
			);
			name = iPOS;
			productName = iPOS;
			productReference = 1D6058910D05DD3D006BFB54 /* iPOS.app */;
			productType = "com.apple.product-type.application";
		};
		B4F3EB6B12FE2A08000D96EE /* iPOS Simulator */ = {
			isa = PBXNativeTarget;
			buildConfigurationList = B4F3EBA112FE2A08000D96EE /* Build configuration list for PBXNativeTarget "iPOS Simulator" */;
			buildPhases = (
				B4F3EB6C12FE2A08000D96EE /* Resources */,
				B4F3EB9712FE2A08000D96EE /* Frameworks */,
			);
			buildRules = (
			);
			dependencies = (
			);
			name = "iPOS Simulator";
			productName = iPOS;
			productReference = B4F3EBA412FE2A08000D96EE /* iPOS.app */;
			productType = "com.apple.product-type.application";
		};
		D64B7E1212F9D7EA006AB141 /* UnitTests */ = {
			isa = PBXNativeTarget;
			buildConfigurationList = D64B7E1712F9D7EA006AB141 /* Build configuration list for PBXNativeTarget "UnitTests" */;
			buildPhases = (
				D64B7E0E12F9D7EA006AB141 /* Resources */,
				D64B7E0F12F9D7EA006AB141 /* Sources */,
				D64B7E1012F9D7EA006AB141 /* Frameworks */,
				D64B7E1112F9D7EA006AB141 /* ShellScript */,
			);
			buildRules = (
			);
			dependencies = (
				D64B7E2912F9D89E006AB141 /* PBXTargetDependency */,
			);
			name = UnitTests;
			productName = UnitTests;
			productReference = D64B7E1312F9D7EA006AB141 /* UnitTests.octest */;
			productType = "com.apple.product-type.bundle";
		};
		D64B7EAF12F9DFA7006AB141 /* IntegrationTests */ = {
			isa = PBXNativeTarget;
			buildConfigurationList = D64B7EB512F9DFA8006AB141 /* Build configuration list for PBXNativeTarget "IntegrationTests" */;
			buildPhases = (
				D64B7EAB12F9DFA7006AB141 /* Resources */,
				D64B7EAC12F9DFA7006AB141 /* Sources */,
				D64B7EAD12F9DFA7006AB141 /* Frameworks */,
				D64B7EAE12F9DFA7006AB141 /* ShellScript */,
			);
			buildRules = (
			);
			dependencies = (
				D64B7EB712F9DFAF006AB141 /* PBXTargetDependency */,
			);
			name = IntegrationTests;
			productName = IntegrationTests;
			productReference = D64B7EB012F9DFA7006AB141 /* IntegrationTests.octest */;
			productType = "com.apple.product-type.bundle";
		};
/* End PBXNativeTarget section */

/* Begin PBXProject section */
		29B97313FDCFA39411CA2CEA /* Project object */ = {
			isa = PBXProject;
			buildConfigurationList = C01FCF4E08A954540054247B /* Build configuration list for PBXProject "iPOS" */;
			compatibilityVersion = "Xcode 3.2";
			developmentRegion = English;
			hasScannedForEncodings = 1;
			knownRegions = (
				English,
				Japanese,
				French,
				German,
			);
			mainGroup = 29B97314FDCFA39411CA2CEA /* CustomTemplate */;
			projectDirPath = "";
			projectRoot = "";
			targets = (
				1D6058900D05DD3D006BFB54 /* iPOS */,
				D64B7E1212F9D7EA006AB141 /* UnitTests */,
				D64B7EAF12F9DFA7006AB141 /* IntegrationTests */,
				B4F3EB6B12FE2A08000D96EE /* iPOS Simulator */,
			);
		};
/* End PBXProject section */

/* Begin PBXResourcesBuildPhase section */
		1D60588D0D05DD3D006BFB54 /* Resources */ = {
			isa = PBXResourcesBuildPhase;
			buildActionMask = 2147483647;
			files = (
			);
			runOnlyForDeploymentPostprocessing = 0;
		};
		B4F3EB6C12FE2A08000D96EE /* Resources */ = {
			isa = PBXResourcesBuildPhase;
			buildActionMask = 2147483647;
			files = (
			);
			runOnlyForDeploymentPostprocessing = 0;
		};
		D64B7E0E12F9D7EA006AB141 /* Resources */ = {
			isa = PBXResourcesBuildPhase;
			buildActionMask = 2147483647;
			files = (
			);
			runOnlyForDeploymentPostprocessing = 0;
		};
		D64B7EAB12F9DFA7006AB141 /* Resources */ = {
			isa = PBXResourcesBuildPhase;
			buildActionMask = 2147483647;
			files = (
			);
			runOnlyForDeploymentPostprocessing = 0;
		};
/* End PBXResourcesBuildPhase section */

/* Begin PBXShellScriptBuildPhase section */
		D64B7E1112F9D7EA006AB141 /* ShellScript */ = {
			isa = PBXShellScriptBuildPhase;
			buildActionMask = 2147483647;
			files = (
			);
			inputPaths = (
			);
			outputPaths = (
			);
			runOnlyForDeploymentPostprocessing = 0;
			shellPath = /bin/sh;
			shellScript = "# Run the unit tests in this test bundle.\n\"${SYSTEM_DEVELOPER_DIR}/Tools/RunUnitTests\"\n";
		};
		D64B7EAE12F9DFA7006AB141 /* ShellScript */ = {
			isa = PBXShellScriptBuildPhase;
			buildActionMask = 2147483647;
			files = (
			);
			inputPaths = (
			);
			outputPaths = (
			);
			runOnlyForDeploymentPostprocessing = 0;
			shellPath = /bin/sh;
			shellScript = "# Run the unit tests in this test bundle.\n\"${SYSTEM_DEVELOPER_DIR}/Tools/RunUnitTests\"\n";
		};
/* End PBXShellScriptBuildPhase section */

/* Begin PBXSourcesBuildPhase section */
		1D60588E0D05DD3D006BFB54 /* Sources */ = {
			isa = PBXSourcesBuildPhase;
			buildActionMask = 2147483647;
			files = (
				1D60589B0D05DD56006BFB54 /* main.m in Sources */,
				1D3623260D0F684500981E51 /* iPOSAppDelegate.m in Sources */,
				B47AA7EF12F7DD1000AAD34C /* PlaceHolderView.m in Sources */,
				B47AA7F612F7DD7200AAD34C /* LoginViewController.m in Sources */,
				B4B367C612F936AC00F37FE9 /* DrawUtils.m in Sources */,
				D62853C612FB9B650024228B /* LayoutUtils.m in Sources */,
				D61C3C3212FCA530003C3A47 /* Customer.m in Sources */,
				D61C3C3512FCA535003C3A47 /* Order.m in Sources */,
				D61C3C3A12FCA55D003C3A47 /* ManagerApprovalInfo.m in Sources */,
				D61C3C6412FCA97F003C3A47 /* ProductItem.m in Sources */,
				D61C3C6712FCA99E003C3A47 /* PaymentInfo.m in Sources */,
				D61C3C6A12FCA9C0003C3A47 /* OrderItem.m in Sources */,
				D6BCD40112FCB3D80029F4B2 /* InventoryServiceImpl.m in Sources */,
				D6BCD40212FCB3D80029F4B2 /* InventoryServiceMock.m in Sources */,
				D6BCD40312FCB3D80029F4B2 /* iPOSFacade.m in Sources */,
				D6BCD40412FCB3D80029F4B2 /* iPOSServiceImpl.m in Sources */,
				D6BCD40512FCB3D80029F4B2 /* iPOSServiceMock.m in Sources */,
				D6BCD40812FCB3F70029F4B2 /* SessionInfo.m in Sources */,
				D692BBA412FDFF4C007EC03A /* Address.m in Sources */,
				D65FD4BB1302303A00F4C19D /* BarcodeScannerCardReaderDelegate.m in Sources */,
				D6BA07CD1302580500B77769 /* CTidy.m in Sources */,
				D6BA07CE1302580500B77769 /* CXHTMLDocument.m in Sources */,
				D6BA07CF1302580500B77769 /* CXMLDocument_CreationExtensions.m in Sources */,
				D6BA07D01302580500B77769 /* CXMLDocument_PrivateExtensions.m in Sources */,
				D6BA07D11302580500B77769 /* CXMLDocument.m in Sources */,
				D6BA07D21302580500B77769 /* CXMLElement_CreationExtensions.m in Sources */,
				D6BA07D31302580500B77769 /* CXMLElement_ElementTreeExtensions.m in Sources */,
				D6BA07D41302580500B77769 /* CXMLElement.m in Sources */,
				D6BA07D51302580500B77769 /* CXMLNamespaceNode.m in Sources */,
				D6BA07D61302580500B77769 /* CXMLNode_CreationExtensions.m in Sources */,
				D6BA07D71302580500B77769 /* CXMLNode_PrivateExtensions.m in Sources */,
				D6BA07D81302580500B77769 /* CXMLNode_XPathExtensions.m in Sources */,
				D6BA07D91302580500B77769 /* CXMLNode.m in Sources */,
				D6BA07F11302583500B77769 /* ASIAuthenticationDialog.m in Sources */,
				D6BA07F21302583500B77769 /* ASIDataCompressor.m in Sources */,
				D6BA07F31302583500B77769 /* ASIDataDecompressor.m in Sources */,
				D6BA07F41302583500B77769 /* ASIDownloadCache.m in Sources */,
				D6BA07F51302583500B77769 /* ASIFormDataRequest.m in Sources */,
				D6BA07F61302583500B77769 /* ASIHTTPRequest.m in Sources */,
				D6BA07F71302583500B77769 /* ASIInputStream.m in Sources */,
				D6BA07F81302583500B77769 /* ASINetworkQueue.m in Sources */,
				D6BA07F91302583500B77769 /* Reachability.m in Sources */,
			);
			runOnlyForDeploymentPostprocessing = 0;
		};
		D64B7E0F12F9D7EA006AB141 /* Sources */ = {
			isa = PBXSourcesBuildPhase;
			buildActionMask = 2147483647;
			files = (
				D64B7E3612F9D8FD006AB141 /* SampleUnitTestCase.m in Sources */,
			);
			runOnlyForDeploymentPostprocessing = 0;
		};
		D64B7EAC12F9DFA7006AB141 /* Sources */ = {
			isa = PBXSourcesBuildPhase;
			buildActionMask = 2147483647;
			files = (
				D64B7EC112F9DFF5006AB141 /* iPOSServiceIntTestCase.m in Sources */,
			);
			runOnlyForDeploymentPostprocessing = 0;
		};
/* End PBXSourcesBuildPhase section */

/* Begin PBXTargetDependency section */
		D64B7E2912F9D89E006AB141 /* PBXTargetDependency */ = {
			isa = PBXTargetDependency;
			target = 1D6058900D05DD3D006BFB54 /* iPOS */;
			targetProxy = D64B7E2812F9D89E006AB141 /* PBXContainerItemProxy */;
		};
		D64B7EB712F9DFAF006AB141 /* PBXTargetDependency */ = {
			isa = PBXTargetDependency;
			target = 1D6058900D05DD3D006BFB54 /* iPOS */;
			targetProxy = D64B7EB612F9DFAF006AB141 /* PBXContainerItemProxy */;
		};
/* End PBXTargetDependency section */

/* Begin XCBuildConfiguration section */
		1D6058940D05DD3E006BFB54 /* Debug */ = {
			isa = XCBuildConfiguration;
			buildSettings = {
				ALWAYS_SEARCH_USER_PATHS = NO;
				COPY_PHASE_STRIP = NO;
				GCC_DYNAMIC_NO_PIC = NO;
				GCC_OPTIMIZATION_LEVEL = 0;
				GCC_PRECOMPILE_PREFIX_HEADER = YES;
				GCC_PREFIX_HEADER = iPOS_Prefix.pch;
				GCC_USE_STANDARD_INCLUDE_SEARCHING = YES;
				INFOPLIST_FILE = "iPOS-Info.plist";
				INFOPLIST_PREPROCESS = NO;
				LIBRARY_SEARCH_PATHS = (
					"$(inherited)",
					"\"$(SRCROOT)\"",
				);
				PRODUCT_NAME = iPOS;
			};
			name = Debug;
		};
		1D6058950D05DD3E006BFB54 /* Release */ = {
			isa = XCBuildConfiguration;
			buildSettings = {
				ALWAYS_SEARCH_USER_PATHS = NO;
				COPY_PHASE_STRIP = YES;
				GCC_PRECOMPILE_PREFIX_HEADER = YES;
				GCC_PREFIX_HEADER = iPOS_Prefix.pch;
				INFOPLIST_FILE = "iPOS-Info.plist";
				LIBRARY_SEARCH_PATHS = (
					"$(inherited)",
					"\"$(SRCROOT)/../../../docs/Linea-Pro-SDK-v1.10-BETA/LineaSDK\"",
					"\"$(SRCROOT)\"",
					"\"$(DEVELOPER_DIR)/thirdParty/Linea-Pro-SDK-v1.10-BETA/LineaSDK\"",
					"\"$(DEVELOPER_DIR)/thirdParty/LineaiPhoneSDK_v1.21/LineaSDK\"",
				);
				PRODUCT_NAME = iPOS;
			};
			name = Release;
		};
		B4F3EBA212FE2A08000D96EE /* Debug */ = {
			isa = XCBuildConfiguration;
			buildSettings = {
				ALWAYS_SEARCH_USER_PATHS = NO;
				COPY_PHASE_STRIP = NO;
				GCC_DYNAMIC_NO_PIC = NO;
				GCC_OPTIMIZATION_LEVEL = 0;
				GCC_PRECOMPILE_PREFIX_HEADER = YES;
				GCC_PREFIX_HEADER = iPOS_Prefix.pch;
				INFOPLIST_FILE = "Info copy 3.plist";
				LIBRARY_SEARCH_PATHS = (
					"$(inherited)",
					"\\\"$(SRCROOT)/../../../docs/Linea-Pro-SDK-v1.10-BETA/LineaSDK\\\"",
					"\\\"$(SRCROOT)\\\"",
					"\\\"$(DEVELOPER_DIR)/thirdParty/Linea-Pro-SDK-v1.10-BETA/LineaSDK\\\"",
				);
				PRODUCT_NAME = iPOS;
			};
			name = Debug;
		};
		B4F3EBA312FE2A08000D96EE /* Release */ = {
			isa = XCBuildConfiguration;
			buildSettings = {
				ALWAYS_SEARCH_USER_PATHS = NO;
				COPY_PHASE_STRIP = YES;
				GCC_PRECOMPILE_PREFIX_HEADER = YES;
				GCC_PREFIX_HEADER = iPOS_Prefix.pch;
				INFOPLIST_FILE = "Info copy 3.plist";
				LIBRARY_SEARCH_PATHS = (
					"$(inherited)",
					"\\\"$(SRCROOT)/../../../docs/Linea-Pro-SDK-v1.10-BETA/LineaSDK\\\"",
					"\\\"$(SRCROOT)\\\"",
					"\\\"$(DEVELOPER_DIR)/thirdParty/Linea-Pro-SDK-v1.10-BETA/LineaSDK\\\"",
				);
				PRODUCT_NAME = iPOS;
			};
			name = Release;
		};
		C01FCF4F08A954540054247B /* Debug */ = {
			isa = XCBuildConfiguration;
			buildSettings = {
				ARCHS = "$(ARCHS_STANDARD_32_BIT)";
				"CODE_SIGN_IDENTITY[sdk=iphoneos*]" = "iPhone Developer";
				GCC_C_LANGUAGE_STANDARD = c99;
				GCC_WARN_ABOUT_RETURN_TYPE = YES;
				GCC_WARN_UNUSED_VARIABLE = YES;
				HEADER_SEARCH_PATHS = /usr/include/libxml2;
				ONLY_ACTIVE_ARCH = NO;
				OTHER_LDFLAGS = "-lxml2";
				PREBINDING = NO;
				SDKROOT = iphoneos4.2;
			};
			name = Debug;
		};
		C01FCF5008A954540054247B /* Release */ = {
			isa = XCBuildConfiguration;
			buildSettings = {
				ARCHS = "$(ARCHS_STANDARD_32_BIT)";
				"CODE_SIGN_IDENTITY[sdk=iphoneos*]" = "iPhone Developer";
				GCC_C_LANGUAGE_STANDARD = c99;
				GCC_WARN_ABOUT_RETURN_TYPE = YES;
				GCC_WARN_UNUSED_VARIABLE = YES;
				PREBINDING = NO;
				SDKROOT = iphoneos4.2;
			};
			name = Release;
		};
		D64B7E1512F9D7EA006AB141 /* Debug */ = {
			isa = XCBuildConfiguration;
			buildSettings = {
				ALWAYS_SEARCH_USER_PATHS = NO;
				"CODE_SIGN_IDENTITY[sdk=iphoneos*]" = "";
				COPY_PHASE_STRIP = NO;
				FRAMEWORK_SEARCH_PATHS = (
					"\"$(SDKROOT)/Developer/Library/Frameworks\"",
					"\"$(DEVELOPER_LIBRARY_DIR)/Frameworks\"",
				);
				GCC_DYNAMIC_NO_PIC = NO;
				GCC_ENABLE_FIX_AND_CONTINUE = NO;
				GCC_ENABLE_OBJC_EXCEPTIONS = YES;
				GCC_OPTIMIZATION_LEVEL = 0;
				INFOPLIST_FILE = "UnitTests-Info.plist";
				OTHER_LDFLAGS = (
					"-framework",
					Foundation,
					"-framework",
					SenTestingKit,
					"-framework",
					UIKit,
				);
				PREBINDING = NO;
				PRODUCT_NAME = UnitTests;
				SDKROOT = iphoneos;
				WRAPPER_EXTENSION = octest;
			};
			name = Debug;
		};
		D64B7E1612F9D7EA006AB141 /* Release */ = {
			isa = XCBuildConfiguration;
			buildSettings = {
				ALWAYS_SEARCH_USER_PATHS = NO;
				"CODE_SIGN_IDENTITY[sdk=iphoneos*]" = "";
				COPY_PHASE_STRIP = YES;
				DEBUG_INFORMATION_FORMAT = "dwarf-with-dsym";
				FRAMEWORK_SEARCH_PATHS = (
					"\"$(SDKROOT)/Developer/Library/Frameworks\"",
					"\"$(DEVELOPER_LIBRARY_DIR)/Frameworks\"",
				);
				GCC_ENABLE_FIX_AND_CONTINUE = NO;
				GCC_ENABLE_OBJC_EXCEPTIONS = YES;
				INFOPLIST_FILE = "UnitTests-Info.plist";
				OTHER_LDFLAGS = (
					"-framework",
					Foundation,
					"-framework",
					SenTestingKit,
					"-framework",
					UIKit,
				);
				PREBINDING = NO;
				PRODUCT_NAME = UnitTests;
				SDKROOT = iphoneos;
				WRAPPER_EXTENSION = octest;
				ZERO_LINK = NO;
			};
			name = Release;
		};
		D64B7EB312F9DFA8006AB141 /* Debug */ = {
			isa = XCBuildConfiguration;
			buildSettings = {
				ALWAYS_SEARCH_USER_PATHS = NO;
				"CODE_SIGN_IDENTITY[sdk=iphoneos*]" = "";
				COPY_PHASE_STRIP = NO;
				FRAMEWORK_SEARCH_PATHS = (
					"\"$(SDKROOT)/Developer/Library/Frameworks\"",
					"\"$(DEVELOPER_LIBRARY_DIR)/Frameworks\"",
				);
				GCC_DYNAMIC_NO_PIC = NO;
				GCC_ENABLE_FIX_AND_CONTINUE = NO;
				GCC_ENABLE_OBJC_EXCEPTIONS = YES;
				GCC_OPTIMIZATION_LEVEL = 0;
				INFOPLIST_FILE = "IntegrationTests-Info.plist";
				OTHER_LDFLAGS = (
					"-framework",
					Foundation,
					"-framework",
					SenTestingKit,
					"-framework",
					UIKit,
				);
				PREBINDING = NO;
				PRODUCT_NAME = IntegrationTests;
				SDKROOT = iphoneos;
				WRAPPER_EXTENSION = octest;
			};
			name = Debug;
		};
		D64B7EB412F9DFA8006AB141 /* Release */ = {
			isa = XCBuildConfiguration;
			buildSettings = {
				ALWAYS_SEARCH_USER_PATHS = NO;
				"CODE_SIGN_IDENTITY[sdk=iphoneos*]" = "";
				COPY_PHASE_STRIP = YES;
				DEBUG_INFORMATION_FORMAT = "dwarf-with-dsym";
				FRAMEWORK_SEARCH_PATHS = (
					"\"$(SDKROOT)/Developer/Library/Frameworks\"",
					"\"$(DEVELOPER_LIBRARY_DIR)/Frameworks\"",
				);
				GCC_ENABLE_FIX_AND_CONTINUE = NO;
				GCC_ENABLE_OBJC_EXCEPTIONS = YES;
				INFOPLIST_FILE = "IntegrationTests-Info.plist";
				OTHER_LDFLAGS = (
					"-framework",
					Foundation,
					"-framework",
					SenTestingKit,
					"-framework",
					UIKit,
				);
				PREBINDING = NO;
				PRODUCT_NAME = IntegrationTests;
				SDKROOT = iphoneos;
				WRAPPER_EXTENSION = octest;
				ZERO_LINK = NO;
			};
			name = Release;
		};
/* End XCBuildConfiguration section */

/* Begin XCConfigurationList section */
		1D6058960D05DD3E006BFB54 /* Build configuration list for PBXNativeTarget "iPOS" */ = {
			isa = XCConfigurationList;
			buildConfigurations = (
				1D6058940D05DD3E006BFB54 /* Debug */,
				1D6058950D05DD3E006BFB54 /* Release */,
			);
			defaultConfigurationIsVisible = 0;
			defaultConfigurationName = Release;
		};
		B4F3EBA112FE2A08000D96EE /* Build configuration list for PBXNativeTarget "iPOS Simulator" */ = {
			isa = XCConfigurationList;
			buildConfigurations = (
				B4F3EBA212FE2A08000D96EE /* Debug */,
				B4F3EBA312FE2A08000D96EE /* Release */,
			);
			defaultConfigurationIsVisible = 0;
			defaultConfigurationName = Release;
		};
		C01FCF4E08A954540054247B /* Build configuration list for PBXProject "iPOS" */ = {
			isa = XCConfigurationList;
			buildConfigurations = (
				C01FCF4F08A954540054247B /* Debug */,
				C01FCF5008A954540054247B /* Release */,
			);
			defaultConfigurationIsVisible = 0;
			defaultConfigurationName = Release;
		};
		D64B7E1712F9D7EA006AB141 /* Build configuration list for PBXNativeTarget "UnitTests" */ = {
			isa = XCConfigurationList;
			buildConfigurations = (
				D64B7E1512F9D7EA006AB141 /* Debug */,
				D64B7E1612F9D7EA006AB141 /* Release */,
			);
			defaultConfigurationIsVisible = 0;
			defaultConfigurationName = Release;
		};
		D64B7EB512F9DFA8006AB141 /* Build configuration list for PBXNativeTarget "IntegrationTests" */ = {
			isa = XCConfigurationList;
			buildConfigurations = (
				D64B7EB312F9DFA8006AB141 /* Debug */,
				D64B7EB412F9DFA8006AB141 /* Release */,
			);
			defaultConfigurationIsVisible = 0;
			defaultConfigurationName = Release;
		};
/* End XCConfigurationList section */
	};
	rootObject = 29B97313FDCFA39411CA2CEA /* Project object */;
}
